
Microsoft Visual Studio Solution File, Format Version 12.00
# Visual Studio Version 16
VisualStudioVersion = 16.0.31205.134
MinimumVisualStudioVersion = 10.0.40219.1
Project("{FAE04EC0-301F-11D3-BF4B-00C04F79EFBC}") = "ASP2236903", "ASP2236903\ASP2236903.csproj", "{D1E14706-5E48-4E54-9935-01924DF290C8}"
EndProject
Global
	GlobalSection(SolutionConfigurationPlatforms) = preSolution
		Debug|Any CPU = Debug|Any CPU
		Release|Any CPU = Release|Any CPU
	EndGlobalSection
	GlobalSection(ProjectConfigurationPlatforms) = postSolution
		{D1E14706-5E48-4E54-9935-01924DF290C8}.Debug|Any CPU.ActiveCfg = Debug|Any CPU
		{D1E14706-5E48-4E54-9935-01924DF290C8}.Debug|Any CPU.Build.0 = Debug|Any CPU
		{D1E14706-5E48-4E54-9935-01924DF290C8}.Release|Any CPU.ActiveCfg = Release|Any CPU
		{D1E14706-5E48-4E54-9935-01924DF290C8}.Release|Any CPU.Build.0 = Release|Any CPU
	EndGlobalSection
	GlobalSection(SolutionProperties) = preSolution
		HideSolutionNode = FALSE
	EndGlobalSection
	GlobalSection(ExtensibilityGlobals) = postSolution
		SolutionGuid = {34856F11-319D-41AA-B764-6D5848813AA0}
	EndGlobalSection
EndGlobal
